
Microsoft Visual Studio Solution File, Format Version 12.00
# Visual Studio 15
VisualStudioVersion = 15.0.26403.3
MinimumVisualStudioVersion = 10.0.40219.1
Project("{F2A71F9B-5D33-465A-A702-920D77279786}") = "Niancat.Core", "Niancat.Core\Niancat.Core.fsproj", "{B1A6E095-BEF9-44E9-BACB-ABF21F30E2D9}"
EndProject
Project("{F2A71F9B-5D33-465A-A702-920D77279786}") = "Niancat.Utilities", "Niancat.Utilities\Niancat.Utilities.fsproj", "{A67E9E6F-8101-454F-B269-3497A46DA113}"
EndProject
Project("{2150E333-8FDC-42A3-9474-1A3956D46DE8}") = "src", "src", "{B8272828-D116-41A3-AE32-3F20F873A37E}"
EndProject
Project("{2150E333-8FDC-42A3-9474-1A3956D46DE8}") = "test", "test", "{DDBCA582-2C01-4D5F-931D-9D022E2609F5}"
EndProject
Project("{F2A71F9B-5D33-465A-A702-920D77279786}") = "Niancat.Utilities.Tests", "Niancat.Utilities.Tests\Niancat.Utilities.Tests.fsproj", "{3DCACF70-E9E6-46E9-87FC-204F569108EE}"
EndProject
Project("{F2A71F9B-5D33-465A-A702-920D77279786}") = "Niancat.Core.Tests", "Niancat.Core.Tests\Niancat.Core.Tests.fsproj", "{327BF1DB-B1D6-4126-ACF6-8907EDA4DF64}"
EndProject
Project("{F2A71F9B-5D33-465A-A702-920D77279786}") = "Niancat.Persistence", "Niancat.Persistence\Niancat.Persistence.fsproj", "{509BDB05-EFEA-4C8E-B4D8-CD21A0192D30}"
EndProject
Project("{F2A71F9B-5D33-465A-A702-920D77279786}") = "Niancat.Persistence.InMemory", "Niancat.Persistence.InMemory\Niancat.Persistence.InMemory.fsproj", "{B6EF1AED-3A66-4A19-B7EE-D62AA4179AEF}"
EndProject
Project("{F2A71F9B-5D33-465A-A702-920D77279786}") = "Niancat.Api", "Niancat.Api\Niancat.Api.fsproj", "{5AA3EC4F-D533-44AF-B9B2-7FA2C012A92E}"
EndProject
Project("{F2A71F9B-5D33-465A-A702-920D77279786}") = "Niancat.Bot", "Niancat.Bot\Niancat.Bot.fsproj", "{7C450207-3526-4659-A158-E103975DDD9F}"
EndProject
Project("{F2A71F9B-5D33-465A-A702-920D77279786}") = "Niancat.Application", "Niancat.Application\Niancat.Application.fsproj", "{FA4C94DE-8D96-4B46-8BC5-C104319629C6}"
EndProject
Project("{F2A71F9B-5D33-465A-A702-920D77279786}") = "Niancat", "Niancat\Niancat.fsproj", "{CC6BCA90-43A8-44DF-8168-495242FB2C47}"
EndProject
Global
	GlobalSection(SolutionConfigurationPlatforms) = preSolution
		Debug|Any CPU = Debug|Any CPU
		Release|Any CPU = Release|Any CPU
	EndGlobalSection
	GlobalSection(ProjectConfigurationPlatforms) = postSolution
		{B1A6E095-BEF9-44E9-BACB-ABF21F30E2D9}.Debug|Any CPU.ActiveCfg = Debug|Any CPU
		{B1A6E095-BEF9-44E9-BACB-ABF21F30E2D9}.Debug|Any CPU.Build.0 = Debug|Any CPU
		{B1A6E095-BEF9-44E9-BACB-ABF21F30E2D9}.Release|Any CPU.ActiveCfg = Release|Any CPU
		{B1A6E095-BEF9-44E9-BACB-ABF21F30E2D9}.Release|Any CPU.Build.0 = Release|Any CPU
		{A67E9E6F-8101-454F-B269-3497A46DA113}.Debug|Any CPU.ActiveCfg = Debug|Any CPU
		{A67E9E6F-8101-454F-B269-3497A46DA113}.Debug|Any CPU.Build.0 = Debug|Any CPU
		{A67E9E6F-8101-454F-B269-3497A46DA113}.Release|Any CPU.ActiveCfg = Release|Any CPU
		{A67E9E6F-8101-454F-B269-3497A46DA113}.Release|Any CPU.Build.0 = Release|Any CPU
		{3DCACF70-E9E6-46E9-87FC-204F569108EE}.Debug|Any CPU.ActiveCfg = Debug|Any CPU
		{3DCACF70-E9E6-46E9-87FC-204F569108EE}.Debug|Any CPU.Build.0 = Debug|Any CPU
		{3DCACF70-E9E6-46E9-87FC-204F569108EE}.Release|Any CPU.ActiveCfg = Release|Any CPU
		{3DCACF70-E9E6-46E9-87FC-204F569108EE}.Release|Any CPU.Build.0 = Release|Any CPU
		{327BF1DB-B1D6-4126-ACF6-8907EDA4DF64}.Debug|Any CPU.ActiveCfg = Debug|Any CPU
		{327BF1DB-B1D6-4126-ACF6-8907EDA4DF64}.Debug|Any CPU.Build.0 = Debug|Any CPU
		{327BF1DB-B1D6-4126-ACF6-8907EDA4DF64}.Release|Any CPU.ActiveCfg = Release|Any CPU
		{327BF1DB-B1D6-4126-ACF6-8907EDA4DF64}.Release|Any CPU.Build.0 = Release|Any CPU
		{509BDB05-EFEA-4C8E-B4D8-CD21A0192D30}.Debug|Any CPU.ActiveCfg = Debug|Any CPU
		{509BDB05-EFEA-4C8E-B4D8-CD21A0192D30}.Debug|Any CPU.Build.0 = Debug|Any CPU
		{509BDB05-EFEA-4C8E-B4D8-CD21A0192D30}.Release|Any CPU.ActiveCfg = Release|Any CPU
		{509BDB05-EFEA-4C8E-B4D8-CD21A0192D30}.Release|Any CPU.Build.0 = Release|Any CPU
		{B6EF1AED-3A66-4A19-B7EE-D62AA4179AEF}.Debug|Any CPU.ActiveCfg = Debug|Any CPU
		{B6EF1AED-3A66-4A19-B7EE-D62AA4179AEF}.Debug|Any CPU.Build.0 = Debug|Any CPU
		{B6EF1AED-3A66-4A19-B7EE-D62AA4179AEF}.Release|Any CPU.ActiveCfg = Release|Any CPU
		{B6EF1AED-3A66-4A19-B7EE-D62AA4179AEF}.Release|Any CPU.Build.0 = Release|Any CPU
		{5AA3EC4F-D533-44AF-B9B2-7FA2C012A92E}.Debug|Any CPU.ActiveCfg = Debug|Any CPU
		{5AA3EC4F-D533-44AF-B9B2-7FA2C012A92E}.Debug|Any CPU.Build.0 = Debug|Any CPU
		{5AA3EC4F-D533-44AF-B9B2-7FA2C012A92E}.Release|Any CPU.ActiveCfg = Release|Any CPU
		{5AA3EC4F-D533-44AF-B9B2-7FA2C012A92E}.Release|Any CPU.Build.0 = Release|Any CPU
		{7C450207-3526-4659-A158-E103975DDD9F}.Debug|Any CPU.ActiveCfg = Debug|Any CPU
		{7C450207-3526-4659-A158-E103975DDD9F}.Debug|Any CPU.Build.0 = Debug|Any CPU
		{7C450207-3526-4659-A158-E103975DDD9F}.Release|Any CPU.ActiveCfg = Release|Any CPU
		{7C450207-3526-4659-A158-E103975DDD9F}.Release|Any CPU.Build.0 = Release|Any CPU
		{FA4C94DE-8D96-4B46-8BC5-C104319629C6}.Debug|Any CPU.ActiveCfg = Debug|Any CPU
		{FA4C94DE-8D96-4B46-8BC5-C104319629C6}.Debug|Any CPU.Build.0 = Debug|Any CPU
		{FA4C94DE-8D96-4B46-8BC5-C104319629C6}.Release|Any CPU.ActiveCfg = Release|Any CPU
		{FA4C94DE-8D96-4B46-8BC5-C104319629C6}.Release|Any CPU.Build.0 = Release|Any CPU
		{CC6BCA90-43A8-44DF-8168-495242FB2C47}.Debug|Any CPU.ActiveCfg = Debug|Any CPU
		{CC6BCA90-43A8-44DF-8168-495242FB2C47}.Debug|Any CPU.Build.0 = Debug|Any CPU
		{CC6BCA90-43A8-44DF-8168-495242FB2C47}.Release|Any CPU.ActiveCfg = Release|Any CPU
		{CC6BCA90-43A8-44DF-8168-495242FB2C47}.Release|Any CPU.Build.0 = Release|Any CPU
	EndGlobalSection
	GlobalSection(SolutionProperties) = preSolution
		HideSolutionNode = FALSE
	EndGlobalSection
	GlobalSection(NestedProjects) = preSolution
		{B1A6E095-BEF9-44E9-BACB-ABF21F30E2D9} = {B8272828-D116-41A3-AE32-3F20F873A37E}
		{A67E9E6F-8101-454F-B269-3497A46DA113} = {B8272828-D116-41A3-AE32-3F20F873A37E}
		{3DCACF70-E9E6-46E9-87FC-204F569108EE} = {DDBCA582-2C01-4D5F-931D-9D022E2609F5}
		{327BF1DB-B1D6-4126-ACF6-8907EDA4DF64} = {DDBCA582-2C01-4D5F-931D-9D022E2609F5}
		{509BDB05-EFEA-4C8E-B4D8-CD21A0192D30} = {B8272828-D116-41A3-AE32-3F20F873A37E}
		{B6EF1AED-3A66-4A19-B7EE-D62AA4179AEF} = {B8272828-D116-41A3-AE32-3F20F873A37E}
		{5AA3EC4F-D533-44AF-B9B2-7FA2C012A92E} = {B8272828-D116-41A3-AE32-3F20F873A37E}
		{7C450207-3526-4659-A158-E103975DDD9F} = {B8272828-D116-41A3-AE32-3F20F873A37E}
		{FA4C94DE-8D96-4B46-8BC5-C104319629C6} = {B8272828-D116-41A3-AE32-3F20F873A37E}
		{CC6BCA90-43A8-44DF-8168-495242FB2C47} = {B8272828-D116-41A3-AE32-3F20F873A37E}
	EndGlobalSection
EndGlobal
